
Microsoft Visual Studio Solution File, Format Version 12.00
# Visual Studio Version 17
VisualStudioVersion = 17.5.002.0
MinimumVisualStudioVersion = 10.0.40219.1
Project("{9A19103F-16F7-4668-BE54-9A1E7A4F7556}") = "BeltReview", "BeltReview.csproj", "{50C95C07-3F1F-4F77-83B8-C1D855784C81}"
EndProject
Global
	GlobalSection(SolutionConfigurationPlatforms) = preSolution
		Debug|Any CPU = Debug|Any CPU
		Release|Any CPU = Release|Any CPU
	EndGlobalSection
	GlobalSection(ProjectConfigurationPlatforms) = postSolution
		{50C95C07-3F1F-4F77-83B8-C1D855784C81}.Debug|Any CPU.ActiveCfg = Debug|Any CPU
		{50C95C07-3F1F-4F77-83B8-C1D855784C81}.Debug|Any CPU.Build.0 = Debug|Any CPU
		{50C95C07-3F1F-4F77-83B8-C1D855784C81}.Release|Any CPU.ActiveCfg = Release|Any CPU
		{50C95C07-3F1F-4F77-83B8-C1D855784C81}.Release|Any CPU.Build.0 = Release|Any CPU
	EndGlobalSection
	GlobalSection(SolutionProperties) = preSolution
		HideSolutionNode = FALSE
	EndGlobalSection
	GlobalSection(ExtensibilityGlobals) = postSolution
		SolutionGuid = {2EB4D7A1-BC93-4FBF-8866-30A012317A0D}
	EndGlobalSection
EndGlobal
